
Microsoft Visual Studio Solution File, Format Version 12.00
# Visual Studio Version 17
VisualStudioVersion = 17.7.34031.279
MinimumVisualStudioVersion = 10.0.40219.1
Project("{2150E333-8FDC-42A3-9474-1A3956D46DE8}") = "WPF_4.5", "WPF_4.5", "{15F16B06-DC75-43B5-AAA3-4E4A186093FB}"
EndProject
Project("{2150E333-8FDC-42A3-9474-1A3956D46DE8}") = "WPF_NET", "WPF_NET", "{8CF06405-8E26-4640-9FA2-E2DDE90506AC}"
EndProject
Project("{2150E333-8FDC-42A3-9474-1A3956D46DE8}") = "Controls", "Controls", "{7B0CBED0-9204-45EE-985E-A47ED74F9FCB}"
EndProject
Project("{2150E333-8FDC-42A3-9474-1A3956D46DE8}") = "Theory", "Theory", "{FE41E3BC-732C-4F36-9D95-5F6B56FEA89D}"
EndProject
Project("{2150E333-8FDC-42A3-9474-1A3956D46DE8}") = "Practice", "Practice", "{F200FFBF-4316-4965-96AB-0BCCD77B9B25}"
EndProject
Project("{2150E333-8FDC-42A3-9474-1A3956D46DE8}") = "Controls", "Controls", "{7B584471-7B47-450B-B20F-113B6DE7275C}"
EndProject
Project("{2150E333-8FDC-42A3-9474-1A3956D46DE8}") = "Practice", "Practice", "{84A5460B-D089-4381-9F97-1B0CD066F813}"
EndProject
Project("{2150E333-8FDC-42A3-9474-1A3956D46DE8}") = "Theory", "Theory", "{DB71ACF6-AC31-4187-A3E0-CCEF15AAE2F9}"
EndProject
Project("{FAE04EC0-301F-11D3-BF4B-00C04F79EFBC}") = "CustomControls", "CustomControls\CustomControls.csproj", "{DB75DC28-9062-453F-8A5B-85E4BBFB5319}"
EndProject
Global
	GlobalSection(SolutionConfigurationPlatforms) = preSolution
		Debug|Any CPU = Debug|Any CPU
		Release|Any CPU = Release|Any CPU
	EndGlobalSection
	GlobalSection(ProjectConfigurationPlatforms) = postSolution
		{DB75DC28-9062-453F-8A5B-85E4BBFB5319}.Debug|Any CPU.ActiveCfg = Debug|Any CPU
		{DB75DC28-9062-453F-8A5B-85E4BBFB5319}.Debug|Any CPU.Build.0 = Debug|Any CPU
		{DB75DC28-9062-453F-8A5B-85E4BBFB5319}.Release|Any CPU.ActiveCfg = Release|Any CPU
		{DB75DC28-9062-453F-8A5B-85E4BBFB5319}.Release|Any CPU.Build.0 = Release|Any CPU
	EndGlobalSection
	GlobalSection(SolutionProperties) = preSolution
		HideSolutionNode = FALSE
	EndGlobalSection
	GlobalSection(NestedProjects) = preSolution
		{7B0CBED0-9204-45EE-985E-A47ED74F9FCB} = {15F16B06-DC75-43B5-AAA3-4E4A186093FB}
		{FE41E3BC-732C-4F36-9D95-5F6B56FEA89D} = {15F16B06-DC75-43B5-AAA3-4E4A186093FB}
		{F200FFBF-4316-4965-96AB-0BCCD77B9B25} = {15F16B06-DC75-43B5-AAA3-4E4A186093FB}
		{7B584471-7B47-450B-B20F-113B6DE7275C} = {8CF06405-8E26-4640-9FA2-E2DDE90506AC}
		{84A5460B-D089-4381-9F97-1B0CD066F813} = {8CF06405-8E26-4640-9FA2-E2DDE90506AC}
		{DB71ACF6-AC31-4187-A3E0-CCEF15AAE2F9} = {8CF06405-8E26-4640-9FA2-E2DDE90506AC}
		{DB75DC28-9062-453F-8A5B-85E4BBFB5319} = {7B0CBED0-9204-45EE-985E-A47ED74F9FCB}
	EndGlobalSection
	GlobalSection(ExtensibilityGlobals) = postSolution
		SolutionGuid = {A5B19362-AFB2-4D8A-AC9D-415A7013245D}
	EndGlobalSection
EndGlobal
